{
  "name": "prescient",
  "version": "0.0.0",
  "lockfileVersion": 1,
  "requires": true,
  "dependencies": {
    "any-promise": {
      "version": "1.3.0",
      "resolved": "https://registry.npmjs.org/any-promise/-/any-promise-1.3.0.tgz",
      "integrity": "sha1-q8av7tzqUugJzcA3au0845Y10X8="
    },
    "argon2": {
      "version": "0.17.0",
      "resolved": "https://registry.npmjs.org/argon2/-/argon2-0.17.0.tgz",
      "integrity": "sha512-UWxieFP91cOL27kI1Zo4pKfMov8RHmlIoFg+JGDKLRGyo9MWbOOtFKVVkFE/DhV2rdFznLWLBn7WonG1win5aA==",
      "requires": {
        "any-promise": "1.3.0",
        "bindings": "1.3.0",
        "nan": "2.8.0"
      }
    },
    "bindings": {
      "version": "1.3.0",
      "resolved": "https://registry.npmjs.org/bindings/-/bindings-1.3.0.tgz",
      "integrity": "sha512-DpLh5EzMR2kzvX1KIlVC0VkC3iZtHKTgdtZ0a3pglBZdaQFjt5S9g9xd1lE+YvXyfd6mtCeRnrUfOLYiTMlNSw=="
    },
    "nan": {
      "version": "2.8.0",
      "resolved": "https://registry.npmjs.org/nan/-/nan-2.8.0.tgz",
      "integrity": "sha1-7XFfP+neArV6XmJS2QqWZ14fCFo="
    }
  }
}
